
Microsoft Visual Studio Solution File, Format Version 12.00
# Visual Studio Version 17
VisualStudioVersion = 17.11.35303.130
MinimumVisualStudioVersion = 10.0.40219.1
Project("{9A19103F-16F7-4668-BE54-9A1E7A4F7556}") = "AZ204-EntrAuth", "..\AZ204-EntraConsole\AZ204-EntrAuth.csproj", "{86934589-0F33-446B-BD5A-B2C3DE4F3839}"
EndProject
Project("{FAE04EC0-301F-11D3-BF4B-00C04F79EFBC}") = "AZ204-EntrAuthWeb", "..\AZ204-EntrAuthWeb\AZ204-EntrAuthWeb.csproj", "{118210F5-14A0-4813-85F8-CA544CC98820}"
EndProject
Global
	GlobalSection(SolutionConfigurationPlatforms) = preSolution
		Debug|Any CPU = Debug|Any CPU
		Release|Any CPU = Release|Any CPU
	EndGlobalSection
	GlobalSection(ProjectConfigurationPlatforms) = postSolution
		{86934589-0F33-446B-BD5A-B2C3DE4F3839}.Debug|Any CPU.ActiveCfg = Debug|Any CPU
		{86934589-0F33-446B-BD5A-B2C3DE4F3839}.Debug|Any CPU.Build.0 = Debug|Any CPU
		{86934589-0F33-446B-BD5A-B2C3DE4F3839}.Release|Any CPU.ActiveCfg = Release|Any CPU
		{86934589-0F33-446B-BD5A-B2C3DE4F3839}.Release|Any CPU.Build.0 = Release|Any CPU
		{118210F5-14A0-4813-85F8-CA544CC98820}.Debug|Any CPU.ActiveCfg = Debug|Any CPU
		{118210F5-14A0-4813-85F8-CA544CC98820}.Debug|Any CPU.Build.0 = Debug|Any CPU
		{118210F5-14A0-4813-85F8-CA544CC98820}.Release|Any CPU.ActiveCfg = Release|Any CPU
		{118210F5-14A0-4813-85F8-CA544CC98820}.Release|Any CPU.Build.0 = Release|Any CPU
	EndGlobalSection
	GlobalSection(SolutionProperties) = preSolution
		HideSolutionNode = FALSE
	EndGlobalSection
	GlobalSection(ExtensibilityGlobals) = postSolution
		SolutionGuid = {967FF234-9E83-47E0-A1F8-2AEEBD2E0322}
	EndGlobalSection
EndGlobal
