
Microsoft Visual Studio Solution File, Format Version 12.00
# Visual Studio Version 17
VisualStudioVersion = 17.11.35303.130
MinimumVisualStudioVersion = 10.0.40219.1
Project("{9A19103F-16F7-4668-BE54-9A1E7A4F7556}") = "AZ204-EntraAPI", "AZ204-EntraAPI\AZ204-EntraAPI.csproj", "{1FC04DB1-89CD-41B5-9BE6-2E7A3B93A687}"
EndProject
Project("{9A19103F-16F7-4668-BE54-9A1E7A4F7556}") = "AZ204-EntrAuth", "AZ204-EntraConsole\AZ204-EntrAuth.csproj", "{F7033289-73DD-4079-8D99-195BEEE11860}"
EndProject
Global
	GlobalSection(SolutionConfigurationPlatforms) = preSolution
		Debug|Any CPU = Debug|Any CPU
		Release|Any CPU = Release|Any CPU
	EndGlobalSection
	GlobalSection(ProjectConfigurationPlatforms) = postSolution
		{1FC04DB1-89CD-41B5-9BE6-2E7A3B93A687}.Debug|Any CPU.ActiveCfg = Debug|Any CPU
		{1FC04DB1-89CD-41B5-9BE6-2E7A3B93A687}.Debug|Any CPU.Build.0 = Debug|Any CPU
		{1FC04DB1-89CD-41B5-9BE6-2E7A3B93A687}.Release|Any CPU.ActiveCfg = Release|Any CPU
		{1FC04DB1-89CD-41B5-9BE6-2E7A3B93A687}.Release|Any CPU.Build.0 = Release|Any CPU
		{F7033289-73DD-4079-8D99-195BEEE11860}.Debug|Any CPU.ActiveCfg = Debug|Any CPU
		{F7033289-73DD-4079-8D99-195BEEE11860}.Debug|Any CPU.Build.0 = Debug|Any CPU
		{F7033289-73DD-4079-8D99-195BEEE11860}.Release|Any CPU.ActiveCfg = Release|Any CPU
		{F7033289-73DD-4079-8D99-195BEEE11860}.Release|Any CPU.Build.0 = Release|Any CPU
	EndGlobalSection
	GlobalSection(SolutionProperties) = preSolution
		HideSolutionNode = FALSE
	EndGlobalSection
	GlobalSection(ExtensibilityGlobals) = postSolution
		SolutionGuid = {967FF234-9E83-47E0-A1F8-2AEEBD2E0322}
	EndGlobalSection
EndGlobal
